// !$*UTF8*$!
{
	archiveVersion = 1;
	classes = {
	};
	objectVersion = 46;
	objects = {

/* Begin PBXBuildFile section */
		B6B0C9941E285F1700A5B747 /* AppDelegate.swift in Sources */ = {isa = PBXBuildFile; fileRef = B6B0C9931E285F1700A5B747 /* AppDelegate.swift */; };
		B6B0C9961E285F1700A5B747 /* ViewController.swift in Sources */ = {isa = PBXBuildFile; fileRef = B6B0C9951E285F1700A5B747 /* ViewController.swift */; };
		B6B0C9991E285F1700A5B747 /* Main.storyboard in Resources */ = {isa = PBXBuildFile; fileRef = B6B0C9971E285F1700A5B747 /* Main.storyboard */; };
		B6B0C99B1E285F1700A5B747 /* Assets.xcassets in Resources */ = {isa = PBXBuildFile; fileRef = B6B0C99A1E285F1700A5B747 /* Assets.xcassets */; };
		B6B0C99E1E285F1700A5B747 /* LaunchScreen.storyboard in Resources */ = {isa = PBXBuildFile; fileRef = B6B0C99C1E285F1700A5B747 /* LaunchScreen.storyboard */; };
/* End PBXBuildFile section */

/* Begin PBXFileReference section */
		B6B0C9901E285F1700A5B747 /* AdCampainChecker.app */ = {isa = PBXFileReference; explicitFileType = wrapper.application; includeInIndex = 0; path = AdCampainChecker.app; sourceTree = BUILT_PRODUCTS_DIR; };
		B6B0C9931E285F1700A5B747 /* AppDelegate.swift */ = {isa = PBXFileReference; lastKnownFileType = sourcecode.swift; path = AppDelegate.swift; sourceTree = "<group>"; };
		B6B0C9951E285F1700A5B747 /* ViewController.swift */ = {isa = PBXFileReference; lastKnownFileType = sourcecode.swift; path = ViewController.swift; sourceTree = "<group>"; };
		B6B0C9981E285F1700A5B747 /* Base */ = {isa = PBXFileReference; lastKnownFileType = file.storyboard; name = Base; path = Base.lproj/Main.storyboard; sourceTree = "<group>"; };
		B6B0C99A1E285F1700A5B747 /* Assets.xcassets */ = {isa = PBXFileReference; lastKnownFileType = folder.assetcatalog; path = Assets.xcassets; sourceTree = "<group>"; };
		B6B0C99D1E285F1700A5B747 /* Base */ = {isa = PBXFileReference; lastKnownFileType = file.storyboard; name = Base; path = Base.lproj/LaunchScreen.storyboard; sourceTree = "<group>"; };
		B6B0C99F1E285F1700A5B747 /* Info.plist */ = {isa = PBXFileReference; lastKnownFileType = text.plist.xml; path = Info.plist; sourceTree = "<group>"; };
/* End PBXFileReference section */

/* Begin PBXFrameworksBuildPhase section */
		B6B0C98D1E285F1700A5B747 /* Frameworks */ = {
			isa = PBXFrameworksBuildPhase;
			buildActionMask = 2147483647;
			files = (
			);
			runOnlyForDeploymentPostprocessing = 0;
		};
/* End PBXFrameworksBuildPhase section */

/* Begin PBXGroup section */
		B6B0C9871E285F1700A5B747 = {
			isa = PBXGroup;
			children = (
				B6B0C9921E285F1700A5B747 /* AdCampainChecker */,
				B6B0C9911E285F1700A5B747 /* Products */,
			);
			sourceTree = "<group>";
		};
		B6B0C9911E285F1700A5B747 /* Products */ = {
			isa = PBXGroup;
			children = (
				B6B0C9901E285F1700A5B747 /* AdCampainChecker.app */,
			);
			name = Products;
			sourceTree = "<group>";
		};
		B6B0C9921E285F1700A5B747 /* AdCampainChecker */ = {
			isa = PBXGroup;
			children = (
				B6B0C9931E285F1700A5B747 /* AppDelegate.swift */,
				B6B0C9951E285F1700A5B747 /* ViewController.swift */,
				B6B0C9971E285F1700A5B747 /* Main.storyboard */,
				B6B0C99A1E285F1700A5B747 /* Assets.xcassets */,
				B6B0C99C1E285F1700A5B747 /* LaunchScreen.storyboard */,
				B6B0C99F1E285F1700A5B747 /* Info.plist */,
			);
			path = AdCampainChecker;
			sourceTree = "<group>";
		};
/* End PBXGroup section */

/* Begin PBXNativeTarget section */
		B6B0C98F1E285F1700A5B747 /* AdCampainChecker */ = {
			isa = PBXNativeTarget;
			buildConfigurationList = B6B0C9A21E285F1700A5B747 /* Build configuration list for PBXNativeTarget "AdCampainChecker" */;
			buildPhases = (
				B6B0C98C1E285F1700A5B747 /* Sources */,
				B6B0C98D1E285F1700A5B747 /* Frameworks */,
				B6B0C98E1E285F1700A5B747 /* Resources */,
			);
			buildRules = (
			);
			dependencies = (
			);
			name = AdCampainChecker;
			productName = AdCampainChecker;
			productReference = B6B0C9901E285F1700A5B747 /* AdCampainChecker.app */;
			productType = "com.apple.product-type.application";
		};
/* End PBXNativeTarget section */

/* Begin PBXProject section */
		B6B0C9881E285F1700A5B747 /* Project object */ = {
			isa = PBXProject;
			attributes = {
				LastSwiftUpdateCheck = 0810;
				LastUpgradeCheck = 0810;
				ORGANIZATIONNAME = "Sudheendra K Kaanugovi";
				TargetAttributes = {
					B6B0C98F1E285F1700A5B747 = {
						CreatedOnToolsVersion = 8.1;
						DevelopmentTeam = PX3SYTPBGL;
						ProvisioningStyle = Automatic;
					};
				};
			};
			buildConfigurationList = B6B0C98B1E285F1700A5B747 /* Build configuration list for PBXProject "AdCampainChecker" */;
			compatibilityVersion = "Xcode 3.2";
			developmentRegion = English;
			hasScannedForEncodings = 0;
			knownRegions = (
				en,
				Base,
			);
			mainGroup = B6B0C9871E285F1700A5B747;
			productRefGroup = B6B0C9911E285F1700A5B747 /* Products */;
			projectDirPath = "";
			projectRoot = "";
			targets = (
				B6B0C98F1E285F1700A5B747 /* AdCampainChecker */,
			);
		};
/* End PBXProject section */

/* Begin PBXResourcesBuildPhase section */
		B6B0C98E1E285F1700A5B747 /* Resources */ = {
			isa = PBXResourcesBuildPhase;
			buildActionMask = 2147483647;
			files = (
				B6B0C99E1E285F1700A5B747 /* LaunchScreen.storyboard in Resources */,
				B6B0C99B1E285F1700A5B747 /* Assets.xcassets in Resources */,
				B6B0C9991E285F1700A5B747 /* Main.storyboard in Resources */,
			);
			runOnlyForDeploymentPostprocessing = 0;
		};
/* End PBXResourcesBuildPhase section */

/* Begin PBXSourcesBuildPhase section */
		B6B0C98C1E285F1700A5B747 /* Sources */ = {
			isa = PBXSourcesBuildPhase;
			buildActionMask = 2147483647;
			files = (
				B6B0C9961E285F1700A5B747 /* ViewController.swift in Sources */,
				B6B0C9941E285F1700A5B747 /* AppDelegate.swift in Sources */,
			);
			runOnlyForDeploymentPostprocessing = 0;
		};
/* End PBXSourcesBuildPhase section */

/* Begin PBXVariantGroup section */
		B6B0C9971E285F1700A5B747 /* Main.storyboard */ = {
			isa = PBXVariantGroup;
			children = (
				B6B0C9981E285F1700A5B747 /* Base */,
			);
			name = Main.storyboard;
			sourceTree = "<group>";
		};
		B6B0C99C1E285F1700A5B747 /* LaunchScreen.storyboard */ = {
			isa = PBXVariantGroup;
			children = (
				B6B0C99D1E285F1700A5B747 /* Base */,
			);
			name = LaunchScreen.storyboard;
			sourceTree = "<group>";
		};
/* End PBXVariantGroup section */

/* Begin XCBuildConfiguration section */
		B6B0C9A01E285F1700A5B747 /* Debug */ = {
			isa = XCBuildConfiguration;
			buildSettings = {
				ALWAYS_SEARCH_USER_PATHS = NO;
				CLANG_ANALYZER_NONNULL = YES;
				CLANG_CXX_LANGUAGE_STANDARD = "gnu++0x";
				CLANG_CXX_LIBRARY = "libc++";
				CLANG_ENABLE_MODULES = YES;
				CLANG_ENABLE_OBJC_ARC = YES;
				CLANG_WARN_BOOL_CONVERSION = YES;
				CLANG_WARN_CONSTANT_CONVERSION = YES;
				CLANG_WARN_DIRECT_OBJC_ISA_USAGE = YES_ERROR;
				CLANG_WARN_DOCUMENTATION_COMMENTS = YES;
				CLANG_WARN_EMPTY_BODY = YES;
				CLANG_WARN_ENUM_CONVERSION = YES;
				CLANG_WARN_INFINITE_RECURSION = YES;
				CLANG_WARN_INT_CONVERSION = YES;
				CLANG_WARN_OBJC_ROOT_CLASS = YES_ERROR;
				CLANG_WARN_SUSPICIOUS_MOVES = YES;
				CLANG_WARN_UNREACHABLE_CODE = YES;
				CLANG_WARN__DUPLICATE_METHOD_MATCH = YES;
				"CODE_SIGN_IDENTITY[sdk=iphoneos*]" = "iPhone Developer";
				COPY_PHASE_STRIP = NO;
				DEBUG_INFORMATION_FORMAT = dwarf;
				ENABLE_STRICT_OBJC_MSGSEND = YES;
				ENABLE_TESTABILITY = YES;
				GCC_C_LANGUAGE_STANDARD = gnu99;
				GCC_DYNAMIC_NO_PIC = NO;
				GCC_NO_COMMON_BLOCKS = YES;
				GCC_OPTIMIZATION_LEVEL = 0;
				GCC_PREPROCESSOR_DEFINITIONS = (
					"DEBUG=1",
					"$(inherited)",
				);
				GCC_WARN_64_TO_32_BIT_CONVERSION = YES;
				GCC_WARN_ABOUT_RETURN_TYPE = YES_ERROR;
				GCC_WARN_UNDECLARED_SELECTOR = YES;
				GCC_WARN_UNINITIALIZED_AUTOS = YES_AGGRESSIVE;
				GCC_WARN_UNUSED_FUNCTION = YES;
				GCC_WARN_UNUSED_VARIABLE = YES;
				IPHONEOS_DEPLOYMENT_TARGET = 10.1;
				MTL_ENABLE_DEBUG_INFO = YES;
				ONLY_ACTIVE_ARCH = YES;
				SDKROOT = iphoneos;
				SWIFT_ACTIVE_COMPILATION_CONDITIONS = DEBUG;
				SWIFT_OPTIMIZATION_LEVEL = "-Onone";
				TARGETED_DEVICE_FAMILY = "1,2";
			};
			name = Debug;
		};
		B6B0C9A11E285F1700A5B747 /* Release */ = {
			isa = XCBuildConfiguration;
			buildSettings = {
				ALWAYS_SEARCH_USER_PATHS = NO;
				CLANG_ANALYZER_NONNULL = YES;
				CLANG_CXX_LANGUAGE_STANDARD = "gnu++0x";
				CLANG_CXX_LIBRARY = "libc++";
				CLANG_ENABLE_MODULES = YES;
				CLANG_ENABLE_OBJC_ARC = YES;
				CLANG_WARN_BOOL_CONVERSION = YES;
				CLANG_WARN_CONSTANT_CONVERSION = YES;
				CLANG_WARN_DIRECT_OBJC_ISA_USAGE = YES_ERROR;
				CLANG_WARN_DOCUMENTATION_COMMENTS = YES;
				CLANG_WARN_EMPTY_BODY = YES;
				CLANG_WARN_ENUM_CONVERSION = YES;
				CLANG_WARN_INFINITE_RECURSION = YES;
				CLANG_WARN_INT_CONVERSION = YES;
				CLANG_WARN_OBJC_ROOT_CLASS = YES_ERROR;
				CLANG_WARN_SUSPICIOUS_MOVES = YES;
				CLANG_WARN_UNREACHABLE_CODE = YES;
				CLANG_WARN__DUPLICATE_METHOD_MATCH = YES;
				"CODE_SIGN_IDENTITY[sdk=iphoneos*]" = "iPhone Developer";
				COPY_PHASE_STRIP = NO;
				DEBUG_INFORMATION_FORMAT = "dwarf-with-dsym";
				ENABLE_NS_ASSERTIONS = NO;
				ENABLE_STRICT_OBJC_MSGSEND = YES;
				GCC_C_LANGUAGE_STANDARD = gnu99;
				GCC_NO_COMMON_BLOCKS = YES;
				GCC_WARN_64_TO_32_BIT_CONVERSION = YES;
				GCC_WARN_ABOUT_RETURN_TYPE = YES_ERROR;
				GCC_WARN_UNDECLARED_SELECTOR = YES;
				GCC_WARN_UNINITIALIZED_AUTOS = YES_AGGRESSIVE;
				GCC_WARN_UNUSED_FUNCTION = YES;
				GCC_WARN_UNUSED_VARIABLE = YES;
				IPHONEOS_DEPLOYMENT_TARGET = 10.1;
				MTL_ENABLE_DEBUG_INFO = NO;
				SDKROOT = iphoneos;
				SWIFT_OPTIMIZATION_LEVEL = "-Owholemodule";
				TARGETED_DEVICE_FAMILY = "1,2";
				VALIDATE_PRODUCT = YES;
			};
			name = Release;
		};
		B6B0C9A31E285F1700A5B747 /* Debug */ = {
			isa = XCBuildConfiguration;
			buildSettings = {
				ASSETCATALOG_COMPILER_APPICON_NAME = AppIcon;
				DEVELOPMENT_TEAM = PX3SYTPBGL;
				INFOPLIST_FILE = AdCampainChecker/Info.plist;
				LD_RUNPATH_SEARCH_PATHS = "$(inherited) @executable_path/Frameworks";
				PRODUCT_BUNDLE_IDENTIFIER = com.sudhy.AdCampainChecker;
				PRODUCT_NAME = "$(TARGET_NAME)";
				SWIFT_VERSION = 3.0;
			};
			name = Debug;
		};
		B6B0C9A41E285F1700A5B747 /* Release */ = {
			isa = XCBuildConfiguration;
			buildSettings = {
				ASSETCATALOG_COMPILER_APPICON_NAME = AppIcon;
				DEVELOPMENT_TEAM = PX3SYTPBGL;
				INFOPLIST_FILE = AdCampainChecker/Info.plist;
				LD_RUNPATH_SEARCH_PATHS = "$(inherited) @executable_path/Frameworks";
				PRODUCT_BUNDLE_IDENTIFIER = com.sudhy.AdCampainChecker;
				PRODUCT_NAME = "$(TARGET_NAME)";
				SWIFT_VERSION = 3.0;
			};
			name = Release;
		};
/* End XCBuildConfiguration section */

/* Begin XCConfigurationList section */
		B6B0C98B1E285F1700A5B747 /* Build configuration list for PBXProject "AdCampainChecker" */ = {
			isa = XCConfigurationList;
			buildConfigurations = (
				B6B0C9A01E285F1700A5B747 /* Debug */,
				B6B0C9A11E285F1700A5B747 /* Release */,
			);
			defaultConfigurationIsVisible = 0;
			defaultConfigurationName = Release;
		};
		B6B0C9A21E285F1700A5B747 /* Build configuration list for PBXNativeTarget "AdCampainChecker" */ = {
			isa = XCConfigurationList;
			buildConfigurations = (
				B6B0C9A31E285F1700A5B747 /* Debug */,
				B6B0C9A41E285F1700A5B747 /* Release */,
			);
			defaultConfigurationIsVisible = 0;
		};
/* End XCConfigurationList section */
	};
	rootObject = B6B0C9881E285F1700A5B747 /* Project object */;
}
